
Microsoft Visual Studio Solution File, Format Version 12.00
# Visual Studio Version 16
VisualStudioVersion = 16.0.33529.622
MinimumVisualStudioVersion = 10.0.40219.1
Project("{FAE04EC0-301F-11D3-BF4B-00C04F79EFBC}") = "InvoiceCloudAssessment", "InvoiceCloudAssessment.csproj", "{FF833E2C-6BB3-401A-B86A-10AD94A25E2B}"
EndProject
Global
	GlobalSection(SolutionConfigurationPlatforms) = preSolution
		Debug|Any CPU = Debug|Any CPU
		Release|Any CPU = Release|Any CPU
	EndGlobalSection
	GlobalSection(ProjectConfigurationPlatforms) = postSolution
		{FF833E2C-6BB3-401A-B86A-10AD94A25E2B}.Debug|Any CPU.ActiveCfg = Debug|Any CPU
		{FF833E2C-6BB3-401A-B86A-10AD94A25E2B}.Debug|Any CPU.Build.0 = Debug|Any CPU
		{FF833E2C-6BB3-401A-B86A-10AD94A25E2B}.Release|Any CPU.ActiveCfg = Release|Any CPU
		{FF833E2C-6BB3-401A-B86A-10AD94A25E2B}.Release|Any CPU.Build.0 = Release|Any CPU
	EndGlobalSection
	GlobalSection(SolutionProperties) = preSolution
		HideSolutionNode = FALSE
	EndGlobalSection
	GlobalSection(ExtensibilityGlobals) = postSolution
		SolutionGuid = {AF68CD7B-9612-4C3B-9477-A89A1E5995F2}
	EndGlobalSection
EndGlobal
